// !$*UTF8*$!
{
	archiveVersion = 1;
	classes = {
	};
	objectVersion = 55;
	objects = {

/* Begin PBXBuildFile section */
		49027B13276A54AE00713C57 /* ImageSliderView.swift in Sources */ = {isa = PBXBuildFile; fileRef = 49027B12276A54AE00713C57 /* ImageSliderView.swift */; };
		49027B15276A5E8200713C57 /* MatchAccountView.swift in Sources */ = {isa = PBXBuildFile; fileRef = 49027B14276A5E8200713C57 /* MatchAccountView.swift */; };
		49027B17276A5F6600713C57 /* MatchListView.swift in Sources */ = {isa = PBXBuildFile; fileRef = 49027B16276A5F6500713C57 /* MatchListView.swift */; };
		498224BA276A0DF8000B06AA /* HumorlyProjectApp.swift in Sources */ = {isa = PBXBuildFile; fileRef = 498224B9276A0DF8000B06AA /* HumorlyProjectApp.swift */; };
		498224BC276A0DF8000B06AA /* ContentView.swift in Sources */ = {isa = PBXBuildFile; fileRef = 498224BB276A0DF8000B06AA /* ContentView.swift */; };
		498224BE276A0DF8000B06AA /* Assets.xcassets in Resources */ = {isa = PBXBuildFile; fileRef = 498224BD276A0DF8000B06AA /* Assets.xcassets */; };
		498224C1276A0DF8000B06AA /* Preview Assets.xcassets in Resources */ = {isa = PBXBuildFile; fileRef = 498224C0276A0DF8000B06AA /* Preview Assets.xcassets */; };
		498224C3276A0DF8000B06AA /* Persistence.swift in Sources */ = {isa = PBXBuildFile; fileRef = 498224C2276A0DF8000B06AA /* Persistence.swift */; };
		498224C6276A0DF8000B06AA /* HumorlyProject.xcdatamodeld in Sources */ = {isa = PBXBuildFile; fileRef = 498224C4276A0DF8000B06AA /* HumorlyProject.xcdatamodeld */; };
		498224D3276A0E44000B06AA /* StackView.swift in Sources */ = {isa = PBXBuildFile; fileRef = 498224CD276A0E44000B06AA /* StackView.swift */; };
		498224D4276A0E44000B06AA /* EditAccountView.swift in Sources */ = {isa = PBXBuildFile; fileRef = 498224CE276A0E44000B06AA /* EditAccountView.swift */; };
		498224D6276A0E44000B06AA /* CardView.swift in Sources */ = {isa = PBXBuildFile; fileRef = 498224D0276A0E44000B06AA /* CardView.swift */; };
		498224D7276A0E44000B06AA /* MainView.swift in Sources */ = {isa = PBXBuildFile; fileRef = 498224D1276A0E44000B06AA /* MainView.swift */; };
		498224DC276A1086000B06AA /* CloudKit.framework in Frameworks */ = {isa = PBXBuildFile; fileRef = 498224DB276A1086000B06AA /* CloudKit.framework */; };
		49C89BFD276A2F5800F61386 /* LogOrSignInView.swift in Sources */ = {isa = PBXBuildFile; fileRef = 49C89BFC276A2F5800F61386 /* LogOrSignInView.swift */; };
		49C89BFF276A390400F61386 /* NewAccountView.swift in Sources */ = {isa = PBXBuildFile; fileRef = 49C89BFE276A390400F61386 /* NewAccountView.swift */; };
		49C89C01276A544F00F61386 /* AccountView.swift in Sources */ = {isa = PBXBuildFile; fileRef = 49C89C00276A544F00F61386 /* AccountView.swift */; };
/* End PBXBuildFile section */

/* Begin PBXFileReference section */
		49027B12276A54AE00713C57 /* ImageSliderView.swift */ = {isa = PBXFileReference; lastKnownFileType = sourcecode.swift; name = ImageSliderView.swift; path = MatchAccountView/ImageSliderView.swift; sourceTree = "<group>"; };
		49027B14276A5E8200713C57 /* MatchAccountView.swift */ = {isa = PBXFileReference; lastKnownFileType = sourcecode.swift; path = MatchAccountView.swift; sourceTree = "<group>"; };
		49027B16276A5F6500713C57 /* MatchListView.swift */ = {isa = PBXFileReference; fileEncoding = 4; lastKnownFileType = sourcecode.swift; path = MatchListView.swift; sourceTree = "<group>"; };
		498224B6276A0DF8000B06AA /* HumorlyProject.app */ = {isa = PBXFileReference; explicitFileType = wrapper.application; includeInIndex = 0; path = HumorlyProject.app; sourceTree = BUILT_PRODUCTS_DIR; };
		498224B9276A0DF8000B06AA /* HumorlyProjectApp.swift */ = {isa = PBXFileReference; lastKnownFileType = sourcecode.swift; path = HumorlyProjectApp.swift; sourceTree = "<group>"; };
		498224BB276A0DF8000B06AA /* ContentView.swift */ = {isa = PBXFileReference; lastKnownFileType = sourcecode.swift; path = ContentView.swift; sourceTree = "<group>"; };
		498224BD276A0DF8000B06AA /* Assets.xcassets */ = {isa = PBXFileReference; lastKnownFileType = folder.assetcatalog; path = Assets.xcassets; sourceTree = "<group>"; };
		498224C0276A0DF8000B06AA /* Preview Assets.xcassets */ = {isa = PBXFileReference; lastKnownFileType = folder.assetcatalog; path = "Preview Assets.xcassets"; sourceTree = "<group>"; };
		498224C2276A0DF8000B06AA /* Persistence.swift */ = {isa = PBXFileReference; lastKnownFileType = sourcecode.swift; path = Persistence.swift; sourceTree = "<group>"; };
		498224C5276A0DF8000B06AA /* HumorlyProject.xcdatamodel */ = {isa = PBXFileReference; lastKnownFileType = wrapper.xcdatamodel; path = HumorlyProject.xcdatamodel; sourceTree = "<group>"; };
		498224CD276A0E44000B06AA /* StackView.swift */ = {isa = PBXFileReference; fileEncoding = 4; lastKnownFileType = sourcecode.swift; path = StackView.swift; sourceTree = "<group>"; };
		498224CE276A0E44000B06AA /* EditAccountView.swift */ = {isa = PBXFileReference; fileEncoding = 4; lastKnownFileType = sourcecode.swift; path = EditAccountView.swift; sourceTree = "<group>"; };
		498224D0276A0E44000B06AA /* CardView.swift */ = {isa = PBXFileReference; fileEncoding = 4; lastKnownFileType = sourcecode.swift; path = CardView.swift; sourceTree = "<group>"; };
		498224D1276A0E44000B06AA /* MainView.swift */ = {isa = PBXFileReference; fileEncoding = 4; lastKnownFileType = sourcecode.swift; path = MainView.swift; sourceTree = "<group>"; };
		498224D9276A1074000B06AA /* HumorlyProject.entitlements */ = {isa = PBXFileReference; lastKnownFileType = text.plist.entitlements; path = HumorlyProject.entitlements; sourceTree = "<group>"; };
		498224DB276A1086000B06AA /* CloudKit.framework */ = {isa = PBXFileReference; lastKnownFileType = wrapper.framework; name = CloudKit.framework; path = System/Library/Frameworks/CloudKit.framework; sourceTree = SDKROOT; };
		498224DD276A11C2000B06AA /* HumorlyProjectRelease.entitlements */ = {isa = PBXFileReference; lastKnownFileType = text.plist.entitlements; path = HumorlyProjectRelease.entitlements; sourceTree = "<group>"; };
		49C89BFC276A2F5800F61386 /* LogOrSignInView.swift */ = {isa = PBXFileReference; lastKnownFileType = sourcecode.swift; path = LogOrSignInView.swift; sourceTree = "<group>"; };
		49C89BFE276A390400F61386 /* NewAccountView.swift */ = {isa = PBXFileReference; lastKnownFileType = sourcecode.swift; path = NewAccountView.swift; sourceTree = "<group>"; };
		49C89C00276A544F00F61386 /* AccountView.swift */ = {isa = PBXFileReference; lastKnownFileType = sourcecode.swift; path = AccountView.swift; sourceTree = "<group>"; };
/* End PBXFileReference section */

/* Begin PBXFrameworksBuildPhase section */
		498224B3276A0DF8000B06AA /* Frameworks */ = {
			isa = PBXFrameworksBuildPhase;
			buildActionMask = 2147483647;
			files = (
				498224DC276A1086000B06AA /* CloudKit.framework in Frameworks */,
			);
			runOnlyForDeploymentPostprocessing = 0;
		};
/* End PBXFrameworksBuildPhase section */

/* Begin PBXGroup section */
		498224AD276A0DF8000B06AA = {
			isa = PBXGroup;
			children = (
				498224B8276A0DF8000B06AA /* HumorlyProject */,
				498224B7276A0DF8000B06AA /* Products */,
				498224DA276A1086000B06AA /* Frameworks */,
			);
			sourceTree = "<group>";
		};
		498224B7276A0DF8000B06AA /* Products */ = {
			isa = PBXGroup;
			children = (
				498224B6276A0DF8000B06AA /* HumorlyProject.app */,
			);
			name = Products;
			sourceTree = "<group>";
		};
		498224B8276A0DF8000B06AA /* HumorlyProject */ = {
			isa = PBXGroup;
			children = (
				498224DD276A11C2000B06AA /* HumorlyProjectRelease.entitlements */,
				498224D9276A1074000B06AA /* HumorlyProject.entitlements */,
				498224B9276A0DF8000B06AA /* HumorlyProjectApp.swift */,
				498224D8276A0FBA000B06AA /* Views */,
				498224C2276A0DF8000B06AA /* Persistence.swift */,
				498224C4276A0DF8000B06AA /* HumorlyProject.xcdatamodeld */,
				498224BD276A0DF8000B06AA /* Assets.xcassets */,
				498224BF276A0DF8000B06AA /* Preview Content */,
			);
			path = HumorlyProject;
			sourceTree = "<group>";
		};
		498224BF276A0DF8000B06AA /* Preview Content */ = {
			isa = PBXGroup;
			children = (
				498224C0276A0DF8000B06AA /* Preview Assets.xcassets */,
			);
			path = "Preview Content";
			sourceTree = "<group>";
		};
		498224D8276A0FBA000B06AA /* Views */ = {
			isa = PBXGroup;
			children = (
				498224BB276A0DF8000B06AA /* ContentView.swift */,
				49C89BF6276A2EB300F61386 /* LogOrSignInView */,
				49C89BF7276A2ECC00F61386 /* MainView */,
				49C89BF8276A2EDD00F61386 /* AccountView */,
				49C89BFA276A2F1F00F61386 /* MatchListView */,
				49C89BF9276A2F0300F61386 /* EditAccountView */,
				498224CE276A0E44000B06AA /* EditAccountView.swift */,
			);
			path = Views;
			sourceTree = "<group>";
		};
		498224DA276A1086000B06AA /* Frameworks */ = {
			isa = PBXGroup;
			children = (
				498224DB276A1086000B06AA /* CloudKit.framework */,
			);
			name = Frameworks;
			sourceTree = "<group>";
		};
		49C89BF6276A2EB300F61386 /* LogOrSignInView */ = {
			isa = PBXGroup;
			children = (
				49C89BFE276A390400F61386 /* NewAccountView.swift */,
				49C89BFC276A2F5800F61386 /* LogOrSignInView.swift */,
			);
			path = LogOrSignInView;
			sourceTree = "<group>";
		};
		49C89BF7276A2ECC00F61386 /* MainView */ = {
			isa = PBXGroup;
			children = (
				498224D1276A0E44000B06AA /* MainView.swift */,
				498224CD276A0E44000B06AA /* StackView.swift */,
				498224D0276A0E44000B06AA /* CardView.swift */,
			);
			path = MainView;
			sourceTree = "<group>";
		};
		49C89BF8276A2EDD00F61386 /* AccountView */ = {
			isa = PBXGroup;
			children = (
				49C89C00276A544F00F61386 /* AccountView.swift */,
				49027B12276A54AE00713C57 /* ImageSliderView.swift */,
				49C89BFB276A2F3100F61386 /* MatchAccountView */,
			);
			path = AccountView;
			sourceTree = "<group>";
		};
		49C89BF9276A2F0300F61386 /* EditAccountView */ = {
			isa = PBXGroup;
			children = (
			);
			path = EditAccountView;
			sourceTree = "<group>";
		};
		49C89BFA276A2F1F00F61386 /* MatchListView */ = {
			isa = PBXGroup;
			children = (
				49027B16276A5F6500713C57 /* MatchListView.swift */,
			);
			path = MatchListView;
			sourceTree = "<group>";
		};
		49C89BFB276A2F3100F61386 /* MatchAccountView */ = {
			isa = PBXGroup;
			children = (
				49027B14276A5E8200713C57 /* MatchAccountView.swift */,
			);
			path = MatchAccountView;
			sourceTree = "<group>";
		};
/* End PBXGroup section */

/* Begin PBXNativeTarget section */
		498224B5276A0DF8000B06AA /* HumorlyProject */ = {
			isa = PBXNativeTarget;
			buildConfigurationList = 498224C9276A0DF8000B06AA /* Build configuration list for PBXNativeTarget "HumorlyProject" */;
			buildPhases = (
				498224B2276A0DF8000B06AA /* Sources */,
				498224B3276A0DF8000B06AA /* Frameworks */,
				498224B4276A0DF8000B06AA /* Resources */,
			);
			buildRules = (
			);
			dependencies = (
			);
			name = HumorlyProject;
			productName = HumorlyProject;
			productReference = 498224B6276A0DF8000B06AA /* HumorlyProject.app */;
			productType = "com.apple.product-type.application";
		};
/* End PBXNativeTarget section */

/* Begin PBXProject section */
		498224AE276A0DF8000B06AA /* Project object */ = {
			isa = PBXProject;
			attributes = {
				BuildIndependentTargetsInParallel = 1;
				LastSwiftUpdateCheck = 1310;
				LastUpgradeCheck = 1310;
				TargetAttributes = {
					498224B5276A0DF8000B06AA = {
						CreatedOnToolsVersion = 13.1;
					};
				};
			};
			buildConfigurationList = 498224B1276A0DF8000B06AA /* Build configuration list for PBXProject "HumorlyProject" */;
			compatibilityVersion = "Xcode 13.0";
			developmentRegion = en;
			hasScannedForEncodings = 0;
			knownRegions = (
				en,
				Base,
			);
			mainGroup = 498224AD276A0DF8000B06AA;
			productRefGroup = 498224B7276A0DF8000B06AA /* Products */;
			projectDirPath = "";
			projectRoot = "";
			targets = (
				498224B5276A0DF8000B06AA /* HumorlyProject */,
			);
		};
/* End PBXProject section */

/* Begin PBXResourcesBuildPhase section */
		498224B4276A0DF8000B06AA /* Resources */ = {
			isa = PBXResourcesBuildPhase;
			buildActionMask = 2147483647;
			files = (
				498224C1276A0DF8000B06AA /* Preview Assets.xcassets in Resources */,
				498224BE276A0DF8000B06AA /* Assets.xcassets in Resources */,
			);
			runOnlyForDeploymentPostprocessing = 0;
		};
/* End PBXResourcesBuildPhase section */

/* Begin PBXSourcesBuildPhase section */
		498224B2276A0DF8000B06AA /* Sources */ = {
			isa = PBXSourcesBuildPhase;
			buildActionMask = 2147483647;
			files = (
				49C89BFF276A390400F61386 /* NewAccountView.swift in Sources */,
				49C89BFD276A2F5800F61386 /* LogOrSignInView.swift in Sources */,
				49027B15276A5E8200713C57 /* MatchAccountView.swift in Sources */,
				498224C3276A0DF8000B06AA /* Persistence.swift in Sources */,
				498224D6276A0E44000B06AA /* CardView.swift in Sources */,
				49C89C01276A544F00F61386 /* AccountView.swift in Sources */,
				498224D7276A0E44000B06AA /* MainView.swift in Sources */,
				498224D4276A0E44000B06AA /* EditAccountView.swift in Sources */,
				498224BC276A0DF8000B06AA /* ContentView.swift in Sources */,
				498224C6276A0DF8000B06AA /* HumorlyProject.xcdatamodeld in Sources */,
				49027B13276A54AE00713C57 /* ImageSliderView.swift in Sources */,
				498224BA276A0DF8000B06AA /* HumorlyProjectApp.swift in Sources */,
				49027B17276A5F6600713C57 /* MatchListView.swift in Sources */,
				498224D3276A0E44000B06AA /* StackView.swift in Sources */,
			);
			runOnlyForDeploymentPostprocessing = 0;
		};
/* End PBXSourcesBuildPhase section */

/* Begin XCBuildConfiguration section */
		498224C7276A0DF8000B06AA /* Debug */ = {
			isa = XCBuildConfiguration;
			buildSettings = {
				ALWAYS_SEARCH_USER_PATHS = NO;
				CLANG_ANALYZER_NONNULL = YES;
				CLANG_ANALYZER_NUMBER_OBJECT_CONVERSION = YES_AGGRESSIVE;
				CLANG_CXX_LANGUAGE_STANDARD = "gnu++17";
				CLANG_CXX_LIBRARY = "libc++";
				CLANG_ENABLE_MODULES = YES;
				CLANG_ENABLE_OBJC_ARC = YES;
				CLANG_ENABLE_OBJC_WEAK = YES;
				CLANG_WARN_BLOCK_CAPTURE_AUTORELEASING = YES;
				CLANG_WARN_BOOL_CONVERSION = YES;
				CLANG_WARN_COMMA = YES;
				CLANG_WARN_CONSTANT_CONVERSION = YES;
				CLANG_WARN_DEPRECATED_OBJC_IMPLEMENTATIONS = YES;
				CLANG_WARN_DIRECT_OBJC_ISA_USAGE = YES_ERROR;
				CLANG_WARN_DOCUMENTATION_COMMENTS = YES;
				CLANG_WARN_EMPTY_BODY = YES;
				CLANG_WARN_ENUM_CONVERSION = YES;
				CLANG_WARN_INFINITE_RECURSION = YES;
				CLANG_WARN_INT_CONVERSION = YES;
				CLANG_WARN_NON_LITERAL_NULL_CONVERSION = YES;
				CLANG_WARN_OBJC_IMPLICIT_RETAIN_SELF = YES;
				CLANG_WARN_OBJC_LITERAL_CONVERSION = YES;
				CLANG_WARN_OBJC_ROOT_CLASS = YES_ERROR;
				CLANG_WARN_QUOTED_INCLUDE_IN_FRAMEWORK_HEADER = YES;
				CLANG_WARN_RANGE_LOOP_ANALYSIS = YES;
				CLANG_WARN_STRICT_PROTOTYPES = YES;
				CLANG_WARN_SUSPICIOUS_MOVE = YES;
				CLANG_WARN_UNGUARDED_AVAILABILITY = YES_AGGRESSIVE;
				CLANG_WARN_UNREACHABLE_CODE = YES;
				CLANG_WARN__DUPLICATE_METHOD_MATCH = YES;
				COPY_PHASE_STRIP = NO;
				DEBUG_INFORMATION_FORMAT = dwarf;
				ENABLE_STRICT_OBJC_MSGSEND = YES;
				ENABLE_TESTABILITY = YES;
				GCC_C_LANGUAGE_STANDARD = gnu11;
				GCC_DYNAMIC_NO_PIC = NO;
				GCC_NO_COMMON_BLOCKS = YES;
				GCC_OPTIMIZATION_LEVEL = 0;
				GCC_PREPROCESSOR_DEFINITIONS = (
					"DEBUG=1",
					"$(inherited)",
				);
				GCC_WARN_64_TO_32_BIT_CONVERSION = YES;
				GCC_WARN_ABOUT_RETURN_TYPE = YES_ERROR;
				GCC_WARN_UNDECLARED_SELECTOR = YES;
				GCC_WARN_UNINITIALIZED_AUTOS = YES_AGGRESSIVE;
				GCC_WARN_UNUSED_FUNCTION = YES;
				GCC_WARN_UNUSED_VARIABLE = YES;
				IPHONEOS_DEPLOYMENT_TARGET = 15.0;
				MTL_ENABLE_DEBUG_INFO = INCLUDE_SOURCE;
				MTL_FAST_MATH = YES;
				ONLY_ACTIVE_ARCH = YES;
				SDKROOT = iphoneos;
				SWIFT_ACTIVE_COMPILATION_CONDITIONS = DEBUG;
				SWIFT_OPTIMIZATION_LEVEL = "-Onone";
			};
			name = Debug;
		};
		498224C8276A0DF8000B06AA /* Release */ = {
			isa = XCBuildConfiguration;
			buildSettings = {
				ALWAYS_SEARCH_USER_PATHS = NO;
				CLANG_ANALYZER_NONNULL = YES;
				CLANG_ANALYZER_NUMBER_OBJECT_CONVERSION = YES_AGGRESSIVE;
				CLANG_CXX_LANGUAGE_STANDARD = "gnu++17";
				CLANG_CXX_LIBRARY = "libc++";
				CLANG_ENABLE_MODULES = YES;
				CLANG_ENABLE_OBJC_ARC = YES;
				CLANG_ENABLE_OBJC_WEAK = YES;
				CLANG_WARN_BLOCK_CAPTURE_AUTORELEASING = YES;
				CLANG_WARN_BOOL_CONVERSION = YES;
				CLANG_WARN_COMMA = YES;
				CLANG_WARN_CONSTANT_CONVERSION = YES;
				CLANG_WARN_DEPRECATED_OBJC_IMPLEMENTATIONS = YES;
				CLANG_WARN_DIRECT_OBJC_ISA_USAGE = YES_ERROR;
				CLANG_WARN_DOCUMENTATION_COMMENTS = YES;
				CLANG_WARN_EMPTY_BODY = YES;
				CLANG_WARN_ENUM_CONVERSION = YES;
				CLANG_WARN_INFINITE_RECURSION = YES;
				CLANG_WARN_INT_CONVERSION = YES;
				CLANG_WARN_NON_LITERAL_NULL_CONVERSION = YES;
				CLANG_WARN_OBJC_IMPLICIT_RETAIN_SELF = YES;
				CLANG_WARN_OBJC_LITERAL_CONVERSION = YES;
				CLANG_WARN_OBJC_ROOT_CLASS = YES_ERROR;
				CLANG_WARN_QUOTED_INCLUDE_IN_FRAMEWORK_HEADER = YES;
				CLANG_WARN_RANGE_LOOP_ANALYSIS = YES;
				CLANG_WARN_STRICT_PROTOTYPES = YES;
				CLANG_WARN_SUSPICIOUS_MOVE = YES;
				CLANG_WARN_UNGUARDED_AVAILABILITY = YES_AGGRESSIVE;
				CLANG_WARN_UNREACHABLE_CODE = YES;
				CLANG_WARN__DUPLICATE_METHOD_MATCH = YES;
				COPY_PHASE_STRIP = NO;
				DEBUG_INFORMATION_FORMAT = "dwarf-with-dsym";
				ENABLE_NS_ASSERTIONS = NO;
				ENABLE_STRICT_OBJC_MSGSEND = YES;
				GCC_C_LANGUAGE_STANDARD = gnu11;
				GCC_NO_COMMON_BLOCKS = YES;
				GCC_WARN_64_TO_32_BIT_CONVERSION = YES;
				GCC_WARN_ABOUT_RETURN_TYPE = YES_ERROR;
				GCC_WARN_UNDECLARED_SELECTOR = YES;
				GCC_WARN_UNINITIALIZED_AUTOS = YES_AGGRESSIVE;
				GCC_WARN_UNUSED_FUNCTION = YES;
				GCC_WARN_UNUSED_VARIABLE = YES;
				IPHONEOS_DEPLOYMENT_TARGET = 15.0;
				MTL_ENABLE_DEBUG_INFO = NO;
				MTL_FAST_MATH = YES;
				SDKROOT = iphoneos;
				SWIFT_COMPILATION_MODE = wholemodule;
				SWIFT_OPTIMIZATION_LEVEL = "-O";
				VALIDATE_PRODUCT = YES;
			};
			name = Release;
		};
		498224CA276A0DF8000B06AA /* Debug */ = {
			isa = XCBuildConfiguration;
			buildSettings = {
				ASSETCATALOG_COMPILER_APPICON_NAME = AppIcon;
				ASSETCATALOG_COMPILER_GLOBAL_ACCENT_COLOR_NAME = AccentColor;
				CODE_SIGN_ENTITLEMENTS = HumorlyProject/HumorlyProject.entitlements;
				CODE_SIGN_STYLE = Automatic;
				CURRENT_PROJECT_VERSION = 1;
				DEVELOPMENT_ASSET_PATHS = "\"HumorlyProject/Preview Content\"";
				DEVELOPMENT_TEAM = DV6MACWMG2;
				ENABLE_PREVIEWS = YES;
				GENERATE_INFOPLIST_FILE = YES;
				INFOPLIST_KEY_UIApplicationSceneManifest_Generation = YES;
				INFOPLIST_KEY_UIApplicationSupportsIndirectInputEvents = YES;
				INFOPLIST_KEY_UILaunchScreen_Generation = YES;
				INFOPLIST_KEY_UISupportedInterfaceOrientations_iPad = "UIInterfaceOrientationPortrait UIInterfaceOrientationPortraitUpsideDown UIInterfaceOrientationLandscapeLeft UIInterfaceOrientationLandscapeRight";
				INFOPLIST_KEY_UISupportedInterfaceOrientations_iPhone = "UIInterfaceOrientationPortrait UIInterfaceOrientationLandscapeLeft UIInterfaceOrientationLandscapeRight";
				LD_RUNPATH_SEARCH_PATHS = (
					"$(inherited)",
					"@executable_path/Frameworks",
				);
				MARKETING_VERSION = 1.0;
				PRODUCT_BUNDLE_IDENTIFIER = nl.mprog.HumorlyProject;
				PRODUCT_NAME = "$(TARGET_NAME)";
				SWIFT_EMIT_LOC_STRINGS = YES;
				SWIFT_VERSION = 5.0;
				TARGETED_DEVICE_FAMILY = "1,2";
			};
			name = Debug;
		};
		498224CB276A0DF8000B06AA /* Release */ = {
			isa = XCBuildConfiguration;
			buildSettings = {
				ASSETCATALOG_COMPILER_APPICON_NAME = AppIcon;
				ASSETCATALOG_COMPILER_GLOBAL_ACCENT_COLOR_NAME = AccentColor;
				CODE_SIGN_ENTITLEMENTS = HumorlyProject/HumorlyProjectRelease.entitlements;
				CODE_SIGN_IDENTITY = "Apple Development";
				CODE_SIGN_STYLE = Automatic;
				CURRENT_PROJECT_VERSION = 1;
				DEVELOPMENT_ASSET_PATHS = "\"HumorlyProject/Preview Content\"";
				DEVELOPMENT_TEAM = DV6MACWMG2;
				ENABLE_PREVIEWS = YES;
				GENERATE_INFOPLIST_FILE = YES;
				INFOPLIST_KEY_UIApplicationSceneManifest_Generation = YES;
				INFOPLIST_KEY_UIApplicationSupportsIndirectInputEvents = YES;
				INFOPLIST_KEY_UILaunchScreen_Generation = YES;
				INFOPLIST_KEY_UISupportedInterfaceOrientations_iPad = "UIInterfaceOrientationPortrait UIInterfaceOrientationPortraitUpsideDown UIInterfaceOrientationLandscapeLeft UIInterfaceOrientationLandscapeRight";
				INFOPLIST_KEY_UISupportedInterfaceOrientations_iPhone = "UIInterfaceOrientationPortrait UIInterfaceOrientationLandscapeLeft UIInterfaceOrientationLandscapeRight";
				LD_RUNPATH_SEARCH_PATHS = (
					"$(inherited)",
					"@executable_path/Frameworks",
				);
				MARKETING_VERSION = 1.0;
				PRODUCT_BUNDLE_IDENTIFIER = nl.mprog.HumorlyProject;
				PRODUCT_NAME = "$(TARGET_NAME)";
				PROVISIONING_PROFILE_SPECIFIER = "";
				SWIFT_EMIT_LOC_STRINGS = YES;
				SWIFT_VERSION = 5.0;
				TARGETED_DEVICE_FAMILY = "1,2";
			};
			name = Release;
		};
/* End XCBuildConfiguration section */

/* Begin XCConfigurationList section */
		498224B1276A0DF8000B06AA /* Build configuration list for PBXProject "HumorlyProject" */ = {
			isa = XCConfigurationList;
			buildConfigurations = (
				498224C7276A0DF8000B06AA /* Debug */,
				498224C8276A0DF8000B06AA /* Release */,
			);
			defaultConfigurationIsVisible = 0;
			defaultConfigurationName = Release;
		};
		498224C9276A0DF8000B06AA /* Build configuration list for PBXNativeTarget "HumorlyProject" */ = {
			isa = XCConfigurationList;
			buildConfigurations = (
				498224CA276A0DF8000B06AA /* Debug */,
				498224CB276A0DF8000B06AA /* Release */,
			);
			defaultConfigurationIsVisible = 0;
			defaultConfigurationName = Release;
		};
/* End XCConfigurationList section */

/* Begin XCVersionGroup section */
		498224C4276A0DF8000B06AA /* HumorlyProject.xcdatamodeld */ = {
			isa = XCVersionGroup;
			children = (
				498224C5276A0DF8000B06AA /* HumorlyProject.xcdatamodel */,
			);
			currentVersion = 498224C5276A0DF8000B06AA /* HumorlyProject.xcdatamodel */;
			path = HumorlyProject.xcdatamodeld;
			sourceTree = "<group>";
			versionGroupType = wrapper.xcdatamodel;
		};
/* End XCVersionGroup section */
	};
	rootObject = 498224AE276A0DF8000B06AA /* Project object */;
}
